
Microsoft Visual Studio Solution File, Format Version 12.00
# Visual Studio Version 17
VisualStudioVersion = 17.9.34616.47
MinimumVisualStudioVersion = 10.0.40219.1
Project("{FAE04EC0-301F-11D3-BF4B-00C04F79EFBC}") = "Garantia", "Garantia\Garantia.csproj", "{784D19C1-B452-4669-ADED-A7FF540CF402}"
EndProject
Global
	GlobalSection(SolutionConfigurationPlatforms) = preSolution
		Debug|Any CPU = Debug|Any CPU
		Release|Any CPU = Release|Any CPU
	EndGlobalSection
	GlobalSection(ProjectConfigurationPlatforms) = postSolution
		{784D19C1-B452-4669-ADED-A7FF540CF402}.Debug|Any CPU.ActiveCfg = Debug|Any CPU
		{784D19C1-B452-4669-ADED-A7FF540CF402}.Debug|Any CPU.Build.0 = Debug|Any CPU
		{784D19C1-B452-4669-ADED-A7FF540CF402}.Release|Any CPU.ActiveCfg = Release|Any CPU
		{784D19C1-B452-4669-ADED-A7FF540CF402}.Release|Any CPU.Build.0 = Release|Any CPU
	EndGlobalSection
	GlobalSection(SolutionProperties) = preSolution
		HideSolutionNode = FALSE
	EndGlobalSection
	GlobalSection(ExtensibilityGlobals) = postSolution
		SolutionGuid = {597F7216-9B36-429A-BD36-1891E2133BB0}
	EndGlobalSection
EndGlobal
